
Microsoft Visual Studio Solution File, Format Version 12.00
# Visual Studio Version 17
VisualStudioVersion = 17.5.002.0
MinimumVisualStudioVersion = 10.0.40219.1
Project("{9A19103F-16F7-4668-BE54-9A1E7A4F7556}") = "Pizzeria", "Pizzeria.csproj", "{72C85271-ECF3-4C52-A02F-93E8C3C7C97F}"
EndProject
Global
	GlobalSection(SolutionConfigurationPlatforms) = preSolution
		Debug|Any CPU = Debug|Any CPU
		Release|Any CPU = Release|Any CPU
	EndGlobalSection
	GlobalSection(ProjectConfigurationPlatforms) = postSolution
		{72C85271-ECF3-4C52-A02F-93E8C3C7C97F}.Debug|Any CPU.ActiveCfg = Debug|Any CPU
		{72C85271-ECF3-4C52-A02F-93E8C3C7C97F}.Debug|Any CPU.Build.0 = Debug|Any CPU
		{72C85271-ECF3-4C52-A02F-93E8C3C7C97F}.Release|Any CPU.ActiveCfg = Release|Any CPU
		{72C85271-ECF3-4C52-A02F-93E8C3C7C97F}.Release|Any CPU.Build.0 = Release|Any CPU
	EndGlobalSection
	GlobalSection(SolutionProperties) = preSolution
		HideSolutionNode = FALSE
	EndGlobalSection
	GlobalSection(ExtensibilityGlobals) = postSolution
		SolutionGuid = {0345B127-C360-4DD3-A4A6-0F23FEE0E59F}
	EndGlobalSection
EndGlobal
